
Microsoft Visual Studio Solution File, Format Version 12.00
# Visual Studio 15
VisualStudioVersion = 15.0.28307.779
MinimumVisualStudioVersion = 10.0.40219.1
Project("{FAE04EC0-301F-11D3-BF4B-00C04F79EFBC}") = "LojaGratis_V1.Android", "LojaGratis_V1\LojaGratis_V1.Android\LojaGratis_V1.Android.csproj", "{0DD85F04-94E7-4F03-8B0C-8CE155F68DF7}"
EndProject
Project("{FAE04EC0-301F-11D3-BF4B-00C04F79EFBC}") = "LojaGratis_V1.iOS", "LojaGratis_V1\LojaGratis_V1.iOS\LojaGratis_V1.iOS.csproj", "{DA7C83AB-03D1-4B99-82C1-E2A6F6D35E13}"
EndProject
Project("{FAE04EC0-301F-11D3-BF4B-00C04F79EFBC}") = "LojaGratis_V1", "LojaGratis_V1\LojaGratis_V1\LojaGratis_V1.csproj", "{F13D4ED8-DF7C-4CD2-AA88-D5FF098A4297}"
EndProject
Global
	GlobalSection(SolutionConfigurationPlatforms) = preSolution
		Ad-Hoc|Any CPU = Ad-Hoc|Any CPU
		Ad-Hoc|iPhone = Ad-Hoc|iPhone
		Ad-Hoc|iPhoneSimulator = Ad-Hoc|iPhoneSimulator
		AppStore|Any CPU = AppStore|Any CPU
		AppStore|iPhone = AppStore|iPhone
		AppStore|iPhoneSimulator = AppStore|iPhoneSimulator
		Debug|Any CPU = Debug|Any CPU
		Debug|iPhone = Debug|iPhone
		Debug|iPhoneSimulator = Debug|iPhoneSimulator
		Release|Any CPU = Release|Any CPU
		Release|iPhone = Release|iPhone
		Release|iPhoneSimulator = Release|iPhoneSimulator
	EndGlobalSection
	GlobalSection(ProjectConfigurationPlatforms) = postSolution
		{0DD85F04-94E7-4F03-8B0C-8CE155F68DF7}.Ad-Hoc|Any CPU.ActiveCfg = Release|Any CPU
		{0DD85F04-94E7-4F03-8B0C-8CE155F68DF7}.Ad-Hoc|Any CPU.Build.0 = Release|Any CPU
		{0DD85F04-94E7-4F03-8B0C-8CE155F68DF7}.Ad-Hoc|Any CPU.Deploy.0 = Release|Any CPU
		{0DD85F04-94E7-4F03-8B0C-8CE155F68DF7}.Ad-Hoc|iPhone.ActiveCfg = Release|Any CPU
		{0DD85F04-94E7-4F03-8B0C-8CE155F68DF7}.Ad-Hoc|iPhone.Build.0 = Release|Any CPU
		{0DD85F04-94E7-4F03-8B0C-8CE155F68DF7}.Ad-Hoc|iPhone.Deploy.0 = Release|Any CPU
		{0DD85F04-94E7-4F03-8B0C-8CE155F68DF7}.Ad-Hoc|iPhoneSimulator.ActiveCfg = Release|Any CPU
		{0DD85F04-94E7-4F03-8B0C-8CE155F68DF7}.Ad-Hoc|iPhoneSimulator.Build.0 = Release|Any CPU
		{0DD85F04-94E7-4F03-8B0C-8CE155F68DF7}.Ad-Hoc|iPhoneSimulator.Deploy.0 = Release|Any CPU
		{0DD85F04-94E7-4F03-8B0C-8CE155F68DF7}.AppStore|Any CPU.ActiveCfg = Release|Any CPU
		{0DD85F04-94E7-4F03-8B0C-8CE155F68DF7}.AppStore|Any CPU.Build.0 = Release|Any CPU
		{0DD85F04-94E7-4F03-8B0C-8CE155F68DF7}.AppStore|Any CPU.Deploy.0 = Release|Any CPU
		{0DD85F04-94E7-4F03-8B0C-8CE155F68DF7}.AppStore|iPhone.ActiveCfg = Release|Any CPU
		{0DD85F04-94E7-4F03-8B0C-8CE155F68DF7}.AppStore|iPhone.Build.0 = Release|Any CPU
		{0DD85F04-94E7-4F03-8B0C-8CE155F68DF7}.AppStore|iPhone.Deploy.0 = Release|Any CPU
		{0DD85F04-94E7-4F03-8B0C-8CE155F68DF7}.AppStore|iPhoneSimulator.ActiveCfg = Release|Any CPU
		{0DD85F04-94E7-4F03-8B0C-8CE155F68DF7}.AppStore|iPhoneSimulator.Build.0 = Release|Any CPU
		{0DD85F04-94E7-4F03-8B0C-8CE155F68DF7}.AppStore|iPhoneSimulator.Deploy.0 = Release|Any CPU
		{0DD85F04-94E7-4F03-8B0C-8CE155F68DF7}.Debug|Any CPU.ActiveCfg = Debug|Any CPU
		{0DD85F04-94E7-4F03-8B0C-8CE155F68DF7}.Debug|Any CPU.Build.0 = Debug|Any CPU
		{0DD85F04-94E7-4F03-8B0C-8CE155F68DF7}.Debug|Any CPU.Deploy.0 = Debug|Any CPU
		{0DD85F04-94E7-4F03-8B0C-8CE155F68DF7}.Debug|iPhone.ActiveCfg = Debug|Any CPU
		{0DD85F04-94E7-4F03-8B0C-8CE155F68DF7}.Debug|iPhone.Build.0 = Debug|Any CPU
		{0DD85F04-94E7-4F03-8B0C-8CE155F68DF7}.Debug|iPhone.Deploy.0 = Debug|Any CPU
		{0DD85F04-94E7-4F03-8B0C-8CE155F68DF7}.Debug|iPhoneSimulator.ActiveCfg = Debug|Any CPU
		{0DD85F04-94E7-4F03-8B0C-8CE155F68DF7}.Debug|iPhoneSimulator.Build.0 = Debug|Any CPU
		{0DD85F04-94E7-4F03-8B0C-8CE155F68DF7}.Debug|iPhoneSimulator.Deploy.0 = Debug|Any CPU
		{0DD85F04-94E7-4F03-8B0C-8CE155F68DF7}.Release|Any CPU.ActiveCfg = Release|Any CPU
		{0DD85F04-94E7-4F03-8B0C-8CE155F68DF7}.Release|Any CPU.Build.0 = Release|Any CPU
		{0DD85F04-94E7-4F03-8B0C-8CE155F68DF7}.Release|Any CPU.Deploy.0 = Release|Any CPU
		{0DD85F04-94E7-4F03-8B0C-8CE155F68DF7}.Release|iPhone.ActiveCfg = Release|Any CPU
		{0DD85F04-94E7-4F03-8B0C-8CE155F68DF7}.Release|iPhone.Build.0 = Release|Any CPU
		{0DD85F04-94E7-4F03-8B0C-8CE155F68DF7}.Release|iPhone.Deploy.0 = Release|Any CPU
		{0DD85F04-94E7-4F03-8B0C-8CE155F68DF7}.Release|iPhoneSimulator.ActiveCfg = Release|Any CPU
		{0DD85F04-94E7-4F03-8B0C-8CE155F68DF7}.Release|iPhoneSimulator.Build.0 = Release|Any CPU
		{0DD85F04-94E7-4F03-8B0C-8CE155F68DF7}.Release|iPhoneSimulator.Deploy.0 = Release|Any CPU
		{DA7C83AB-03D1-4B99-82C1-E2A6F6D35E13}.Ad-Hoc|Any CPU.ActiveCfg = Ad-Hoc|iPhone
		{DA7C83AB-03D1-4B99-82C1-E2A6F6D35E13}.Ad-Hoc|Any CPU.Build.0 = Ad-Hoc|iPhone
		{DA7C83AB-03D1-4B99-82C1-E2A6F6D35E13}.Ad-Hoc|Any CPU.Deploy.0 = Ad-Hoc|iPhone
		{DA7C83AB-03D1-4B99-82C1-E2A6F6D35E13}.Ad-Hoc|iPhone.ActiveCfg = Ad-Hoc|iPhone
		{DA7C83AB-03D1-4B99-82C1-E2A6F6D35E13}.Ad-Hoc|iPhone.Build.0 = Ad-Hoc|iPhone
		{DA7C83AB-03D1-4B99-82C1-E2A6F6D35E13}.Ad-Hoc|iPhone.Deploy.0 = Ad-Hoc|iPhone
		{DA7C83AB-03D1-4B99-82C1-E2A6F6D35E13}.Ad-Hoc|iPhoneSimulator.ActiveCfg = Ad-Hoc|iPhoneSimulator
		{DA7C83AB-03D1-4B99-82C1-E2A6F6D35E13}.Ad-Hoc|iPhoneSimulator.Build.0 = Ad-Hoc|iPhoneSimulator
		{DA7C83AB-03D1-4B99-82C1-E2A6F6D35E13}.Ad-Hoc|iPhoneSimulator.Deploy.0 = Ad-Hoc|iPhoneSimulator
		{DA7C83AB-03D1-4B99-82C1-E2A6F6D35E13}.AppStore|Any CPU.ActiveCfg = AppStore|iPhone
		{DA7C83AB-03D1-4B99-82C1-E2A6F6D35E13}.AppStore|Any CPU.Build.0 = AppStore|iPhone
		{DA7C83AB-03D1-4B99-82C1-E2A6F6D35E13}.AppStore|Any CPU.Deploy.0 = AppStore|iPhone
		{DA7C83AB-03D1-4B99-82C1-E2A6F6D35E13}.AppStore|iPhone.ActiveCfg = AppStore|iPhone
		{DA7C83AB-03D1-4B99-82C1-E2A6F6D35E13}.AppStore|iPhone.Build.0 = AppStore|iPhone
		{DA7C83AB-03D1-4B99-82C1-E2A6F6D35E13}.AppStore|iPhone.Deploy.0 = AppStore|iPhone
		{DA7C83AB-03D1-4B99-82C1-E2A6F6D35E13}.AppStore|iPhoneSimulator.ActiveCfg = AppStore|iPhoneSimulator
		{DA7C83AB-03D1-4B99-82C1-E2A6F6D35E13}.AppStore|iPhoneSimulator.Build.0 = AppStore|iPhoneSimulator
		{DA7C83AB-03D1-4B99-82C1-E2A6F6D35E13}.AppStore|iPhoneSimulator.Deploy.0 = AppStore|iPhoneSimulator
		{DA7C83AB-03D1-4B99-82C1-E2A6F6D35E13}.Debug|Any CPU.ActiveCfg = Debug|iPhoneSimulator
		{DA7C83AB-03D1-4B99-82C1-E2A6F6D35E13}.Debug|Any CPU.Build.0 = Debug|iPhoneSimulator
		{DA7C83AB-03D1-4B99-82C1-E2A6F6D35E13}.Debug|Any CPU.Deploy.0 = Debug|iPhoneSimulator
		{DA7C83AB-03D1-4B99-82C1-E2A6F6D35E13}.Debug|iPhone.ActiveCfg = Debug|iPhone
		{DA7C83AB-03D1-4B99-82C1-E2A6F6D35E13}.Debug|iPhone.Build.0 = Debug|iPhone
		{DA7C83AB-03D1-4B99-82C1-E2A6F6D35E13}.Debug|iPhone.Deploy.0 = Debug|iPhone
		{DA7C83AB-03D1-4B99-82C1-E2A6F6D35E13}.Debug|iPhoneSimulator.ActiveCfg = Debug|iPhoneSimulator
		{DA7C83AB-03D1-4B99-82C1-E2A6F6D35E13}.Debug|iPhoneSimulator.Build.0 = Debug|iPhoneSimulator
		{DA7C83AB-03D1-4B99-82C1-E2A6F6D35E13}.Debug|iPhoneSimulator.Deploy.0 = Debug|iPhoneSimulator
		{DA7C83AB-03D1-4B99-82C1-E2A6F6D35E13}.Release|Any CPU.ActiveCfg = Release|iPhone
		{DA7C83AB-03D1-4B99-82C1-E2A6F6D35E13}.Release|Any CPU.Build.0 = Release|iPhone
		{DA7C83AB-03D1-4B99-82C1-E2A6F6D35E13}.Release|Any CPU.Deploy.0 = Release|iPhone
		{DA7C83AB-03D1-4B99-82C1-E2A6F6D35E13}.Release|iPhone.ActiveCfg = Release|iPhone
		{DA7C83AB-03D1-4B99-82C1-E2A6F6D35E13}.Release|iPhone.Build.0 = Release|iPhone
		{DA7C83AB-03D1-4B99-82C1-E2A6F6D35E13}.Release|iPhone.Deploy.0 = Release|iPhone
		{DA7C83AB-03D1-4B99-82C1-E2A6F6D35E13}.Release|iPhoneSimulator.ActiveCfg = Release|iPhoneSimulator
		{DA7C83AB-03D1-4B99-82C1-E2A6F6D35E13}.Release|iPhoneSimulator.Build.0 = Release|iPhoneSimulator
		{DA7C83AB-03D1-4B99-82C1-E2A6F6D35E13}.Release|iPhoneSimulator.Deploy.0 = Release|iPhoneSimulator
		{F13D4ED8-DF7C-4CD2-AA88-D5FF098A4297}.Ad-Hoc|Any CPU.ActiveCfg = Debug|Any CPU
		{F13D4ED8-DF7C-4CD2-AA88-D5FF098A4297}.Ad-Hoc|Any CPU.Build.0 = Debug|Any CPU
		{F13D4ED8-DF7C-4CD2-AA88-D5FF098A4297}.Ad-Hoc|Any CPU.Deploy.0 = Debug|Any CPU
		{F13D4ED8-DF7C-4CD2-AA88-D5FF098A4297}.Ad-Hoc|iPhone.ActiveCfg = Debug|Any CPU
		{F13D4ED8-DF7C-4CD2-AA88-D5FF098A4297}.Ad-Hoc|iPhone.Build.0 = Debug|Any CPU
		{F13D4ED8-DF7C-4CD2-AA88-D5FF098A4297}.Ad-Hoc|iPhone.Deploy.0 = Debug|Any CPU
		{F13D4ED8-DF7C-4CD2-AA88-D5FF098A4297}.Ad-Hoc|iPhoneSimulator.ActiveCfg = Debug|Any CPU
		{F13D4ED8-DF7C-4CD2-AA88-D5FF098A4297}.Ad-Hoc|iPhoneSimulator.Build.0 = Debug|Any CPU
		{F13D4ED8-DF7C-4CD2-AA88-D5FF098A4297}.Ad-Hoc|iPhoneSimulator.Deploy.0 = Debug|Any CPU
		{F13D4ED8-DF7C-4CD2-AA88-D5FF098A4297}.AppStore|Any CPU.ActiveCfg = Debug|Any CPU
		{F13D4ED8-DF7C-4CD2-AA88-D5FF098A4297}.AppStore|Any CPU.Build.0 = Debug|Any CPU
		{F13D4ED8-DF7C-4CD2-AA88-D5FF098A4297}.AppStore|Any CPU.Deploy.0 = Debug|Any CPU
		{F13D4ED8-DF7C-4CD2-AA88-D5FF098A4297}.AppStore|iPhone.ActiveCfg = Debug|Any CPU
		{F13D4ED8-DF7C-4CD2-AA88-D5FF098A4297}.AppStore|iPhone.Build.0 = Debug|Any CPU
		{F13D4ED8-DF7C-4CD2-AA88-D5FF098A4297}.AppStore|iPhone.Deploy.0 = Debug|Any CPU
		{F13D4ED8-DF7C-4CD2-AA88-D5FF098A4297}.AppStore|iPhoneSimulator.ActiveCfg = Debug|Any CPU
		{F13D4ED8-DF7C-4CD2-AA88-D5FF098A4297}.AppStore|iPhoneSimulator.Build.0 = Debug|Any CPU
		{F13D4ED8-DF7C-4CD2-AA88-D5FF098A4297}.AppStore|iPhoneSimulator.Deploy.0 = Debug|Any CPU
		{F13D4ED8-DF7C-4CD2-AA88-D5FF098A4297}.Debug|Any CPU.ActiveCfg = Debug|Any CPU
		{F13D4ED8-DF7C-4CD2-AA88-D5FF098A4297}.Debug|Any CPU.Build.0 = Debug|Any CPU
		{F13D4ED8-DF7C-4CD2-AA88-D5FF098A4297}.Debug|Any CPU.Deploy.0 = Debug|Any CPU
		{F13D4ED8-DF7C-4CD2-AA88-D5FF098A4297}.Debug|iPhone.ActiveCfg = Debug|Any CPU
		{F13D4ED8-DF7C-4CD2-AA88-D5FF098A4297}.Debug|iPhone.Build.0 = Debug|Any CPU
		{F13D4ED8-DF7C-4CD2-AA88-D5FF098A4297}.Debug|iPhone.Deploy.0 = Debug|Any CPU
		{F13D4ED8-DF7C-4CD2-AA88-D5FF098A4297}.Debug|iPhoneSimulator.ActiveCfg = Debug|Any CPU
		{F13D4ED8-DF7C-4CD2-AA88-D5FF098A4297}.Debug|iPhoneSimulator.Build.0 = Debug|Any CPU
		{F13D4ED8-DF7C-4CD2-AA88-D5FF098A4297}.Debug|iPhoneSimulator.Deploy.0 = Debug|Any CPU
		{F13D4ED8-DF7C-4CD2-AA88-D5FF098A4297}.Release|Any CPU.ActiveCfg = Release|Any CPU
		{F13D4ED8-DF7C-4CD2-AA88-D5FF098A4297}.Release|Any CPU.Build.0 = Release|Any CPU
		{F13D4ED8-DF7C-4CD2-AA88-D5FF098A4297}.Release|Any CPU.Deploy.0 = Release|Any CPU
		{F13D4ED8-DF7C-4CD2-AA88-D5FF098A4297}.Release|iPhone.ActiveCfg = Release|Any CPU
		{F13D4ED8-DF7C-4CD2-AA88-D5FF098A4297}.Release|iPhone.Build.0 = Release|Any CPU
		{F13D4ED8-DF7C-4CD2-AA88-D5FF098A4297}.Release|iPhone.Deploy.0 = Release|Any CPU
		{F13D4ED8-DF7C-4CD2-AA88-D5FF098A4297}.Release|iPhoneSimulator.ActiveCfg = Release|Any CPU
		{F13D4ED8-DF7C-4CD2-AA88-D5FF098A4297}.Release|iPhoneSimulator.Build.0 = Release|Any CPU
		{F13D4ED8-DF7C-4CD2-AA88-D5FF098A4297}.Release|iPhoneSimulator.Deploy.0 = Release|Any CPU
	EndGlobalSection
	GlobalSection(SolutionProperties) = preSolution
		HideSolutionNode = FALSE
	EndGlobalSection
	GlobalSection(ExtensibilityGlobals) = postSolution
		SolutionGuid = {5D9A8D25-3412-4BDC-A8E8-1C9DA995B289}
	EndGlobalSection
EndGlobal
